# This file was autogenerated by uv via the following command:
#    uv pip compile --python-version 3.12 --generate-hashes --strip-extras --output-file query-api/requirements.lock query-api/requirements.txt
neo4j==6.3.1 \
    --hash=sha256:a1b702d356f88885c27bdcf7dcd56af76423dbff4e26064e5bf5dbf47af53044 \
    --hash=sha256:e75530ca0691d69916c56acdb7401df4ee9e1d5084cfcfb3ede796db38667dcd
    # via -r query-api/requirements.txt
pytz==2026.3.post1 \
    --hash=sha256:2211d3fcf9a797d3405cac96ac7f61d80e6a644f72a3309607282fe8a2010c5d \
    --hash=sha256:dd95840dd199baea12d9cc096a1d452caa6596a1c1e4b5f3dbd1541855d5e815
    # via neo4j
